{
  "name": "isolated-declaration-test",
  "version": "1.0.0",
  "lockfileVersion": 3,
  "requires": true,
  "packages": {
    "": {
      "name": "isolated-declaration-test",
      "version": "1.0.0",
      "license": "ISC",
      "dependencies": {
        "typescript": "^5.5.0-dev.20240511"
      }
    },
    "../ts-fix": {
      "version": "0.1.0",
      "extraneous": true,
      "license": "MIT",
      "dependencies": {
        "diff": "^5.1.0",
        "git-status": "^1.0.10",
        "import-cwd": "^3.0.0",
        "inquirer": "^8.0.0",
        "lodash": "^4.17.21",
        "typescript": "4.9.0-dev.20220816",
        "yargs": "^16.2.0"
      },
      "bin": {
        "ts-fix": "dist/cli.js"
      },
      "devDependencies": {
        "@types/diff": "^5.0.2",
        "@types/inquirer": "^8.2.1",
        "@types/jest": "^26.0.24",
        "@types/jest-specific-snapshot": "^0.5.5",
        "@types/lodash": "^4.14.171",
        "@types/yargs": "^15.0.13",
        "esbuild": "^0.12.15",
        "esbuild-jest": "^0.5.0",
        "jest": "^27.0.6",
        "jest-specific-snapshot": "^5.0.0"
      },
      "engines": {
        "node": ">=10"
      }
    },
    "node_modules/typescript": {
      "version": "5.5.0-dev.20240511",
      "resolved": "https://registry.npmjs.org/typescript/-/typescript-5.5.0-dev.20240511.tgz",
      "integrity": "sha512-HnoXTTVxfe1mVRdcrnw+747CMVQyF4RzrDeDkSKc+e99TE6OqEBXcrorAwwPqvlVFfgSiD34O6XkIcFBH0WJFw==",
      "bin": {
        "tsc": "bin/tsc",
        "tsserver": "bin/tsserver"
      },
      "engines": {
        "node": ">=14.17"
      }
    }
  }
}
